<?xml version="1.0" encoding="utf-8"?>
<Project ToolsVersion="4.0" xmlns="http://schemas.microsoft.com/developer/msbuild/2003">
  <ItemGroup>
    <Filter Include="Source Files">
      <UniqueIdentifier>{4FC737F1-C7A5-4376-A066-2A32D752A2FF}</UniqueIdentifier>
      <Extensions>cpp;c;cc;cxx;c++;cppm;ixx;def;odl;idl;hpj;bat;asm;asmx</Extensions>
    </Filter>
    <Filter Include="Header Files">
      <UniqueIdentifier>{93995380-89BD-4b04-88EB-625FBE52EBFB}</UniqueIdentifier>
      <Extensions>h;hh;hpp;hxx;h++;hm;inl;inc;ipp;xsd</Extensions>
    </Filter>
    <Filter Include="Resource Files">
      <UniqueIdentifier>{67DA6AB6-F800-4c08-8B7A-83BB121AAD01}</UniqueIdentifier>
      <Extensions>rc;ico;cur;bmp;dlg;rc2;rct;bin;rgs;gif;jpg;jpeg;jpe;resx;tiff;tif;png;wav;mfcribbon-ms</Extensions>
    </Filter>
  </ItemGroup>
  <ItemGroup>
    <ClCompile Include="src\audio\Audio.cpp">
      <Filter>Source Files</Filter>
    </ClCompile>
    <ClCompile Include="src\file\Image.cpp">
      <Filter>Source Files</Filter>
    </ClCompile>
    <ClCompile Include="src\graphics\GraphicsPipeline.cpp">
      <Filter>Source Files</Filter>
    </ClCompile>
    <ClCompile Include="src\graphics\IndexBuffer.cpp">
      <Filter>Source Files</Filter>
    </ClCompile>
    <ClCompile Include="src\graphics\IndirectBuffer.cpp">
      <Filter>Source Files</Filter>
    </ClCompile>
    <ClCompile Include="src\graphics\RenderTarget.cpp">
      <Filter>Source Files</Filter>
    </ClCompile>
    <ClCompile Include="src\graphics\Shader.cpp">
      <Filter>Source Files</Filter>
    </ClCompile>
    <ClCompile Include="src\graphics\StorageBuffer.cpp">
      <Filter>Source Files</Filter>
    </ClCompile>
    <ClCompile Include="src\graphics\Texture.cpp">
      <Filter>Source Files</Filter>
    </ClCompile>
    <ClCompile Include="src\graphics\TransferBuffer.cpp">
      <Filter>Source Files</Filter>
    </ClCompile>
    <ClCompile Include="src\graphics\VertexBuffer.cpp">
      <Filter>Source Files</Filter>
    </ClCompile>
    <ClCompile Include="src\math\Math.cpp">
      <Filter>Source Files</Filter>
    </ClCompile>
    <ClCompile Include="src\math\Matrix.cpp">
      <Filter>Source Files</Filter>
    </ClCompile>
    <ClCompile Include="src\math\Quaternion.cpp">
      <Filter>Source Files</Filter>
    </ClCompile>
    <ClCompile Include="src\math\Vector.cpp">
      <Filter>Source Files</Filter>
    </ClCompile>
    <ClCompile Include="src\model\Animation.cpp">
      <Filter>Source Files</Filter>
    </ClCompile>
    <ClCompile Include="src\model\AnimationCache.cpp">
      <Filter>Source Files</Filter>
    </ClCompile>
    <ClCompile Include="src\model\Model.cpp">
      <Filter>Source Files</Filter>
    </ClCompile>
    <ClCompile Include="src\renderer\DebugTextRenderer.cpp">
      <Filter>Source Files</Filter>
    </ClCompile>
    <ClCompile Include="src\renderer\Renderer.cpp">
      <Filter>Source Files</Filter>
    </ClCompile>
    <ClCompile Include="src\renderer\ScreenQuad.cpp">
      <Filter>Source Files</Filter>
    </ClCompile>
    <ClCompile Include="src\utils\BinaryReader.cpp">
      <Filter>Source Files</Filter>
    </ClCompile>
    <ClCompile Include="src\utils\Hash.cpp">
      <Filter>Source Files</Filter>
    </ClCompile>
    <ClCompile Include="src\utils\Simplex.cpp">
      <Filter>Source Files</Filter>
    </ClCompile>
    <ClCompile Include="src\Application.cpp">
      <Filter>Source Files</Filter>
    </ClCompile>
    <ClCompile Include="src\Main.cpp">
      <Filter>Source Files</Filter>
    </ClCompile>
    <ClCompile Include="src\Resource.cpp">
      <Filter>Source Files</Filter>
    </ClCompile>
    <ClCompile Include="src\physics\Physics.cpp">
      <Filter>Source Files</Filter>
    </ClCompile>
    <ClCompile Include="src\physics\RigidBody.cpp">
      <Filter>Source Files</Filter>
    </ClCompile>
    <ClCompile Include="src\physics\CharacterController.cpp">
      <Filter>Source Files</Filter>
    </ClCompile>
    <ClCompile Include="src\renderer\Renderer2D.cpp">
      <Filter>Source Files</Filter>
    </ClCompile>
    <ClCompile Include="src\game\Game.cpp">
      <Filter>Source Files</Filter>
    </ClCompile>
    <ClCompile Include="src\game\entity\Player.cpp">
      <Filter>Source Files</Filter>
    </ClCompile>
    <ClCompile Include="src\game\item\Item.cpp">
      <Filter>Source Files</Filter>
    </ClCompile>
    <ClCompile Include="src\game\entity\action\AttackAction.cpp">
      <Filter>Source Files</Filter>
    </ClCompile>
    <ClCompile Include="src\game\entity\action\Action.cpp">
      <Filter>Source Files</Filter>
    </ClCompile>
  </ItemGroup>
  <ItemGroup>
    <ClInclude Include="src\spirv_cross\spirv.h">
      <Filter>Header Files</Filter>
    </ClInclude>
    <ClInclude Include="src\spirv_cross\spirv.hpp">
      <Filter>Header Files</Filter>
    </ClInclude>
    <ClInclude Include="src\spirv_cross\spirv_cfg.hpp">
      <Filter>Header Files</Filter>
    </ClInclude>
    <ClInclude Include="src\spirv_cross\spirv_common.hpp">
      <Filter>Header Files</Filter>
    </ClInclude>
    <ClInclude Include="src\spirv_cross\spirv_cpp.hpp">
      <Filter>Header Files</Filter>
    </ClInclude>
    <ClInclude Include="src\spirv_cross\spirv_cross.hpp">
      <Filter>Header Files</Filter>
    </ClInclude>
    <ClInclude Include="src\spirv_cross\spirv_cross_c.h">
      <Filter>Header Files</Filter>
    </ClInclude>
    <ClInclude Include="src\spirv_cross\spirv_cross_containers.hpp">
      <Filter>Header Files</Filter>
    </ClInclude>
    <ClInclude Include="src\spirv_cross\spirv_cross_error_handling.hpp">
      <Filter>Header Files</Filter>
    </ClInclude>
    <ClInclude Include="src\spirv_cross\spirv_cross_parsed_ir.hpp">
      <Filter>Header Files</Filter>
    </ClInclude>
    <ClInclude Include="src\spirv_cross\spirv_cross_util.hpp">
      <Filter>Header Files</Filter>
    </ClInclude>
    <ClInclude Include="src\spirv_cross\spirv_glsl.hpp">
      <Filter>Header Files</Filter>
    </ClInclude>
    <ClInclude Include="src\spirv_cross\spirv_hlsl.hpp">
      <Filter>Header Files</Filter>
    </ClInclude>
    <ClInclude Include="src\spirv_cross\spirv_msl.hpp">
      <Filter>Header Files</Filter>
    </ClInclude>
    <ClInclude Include="src\spirv_cross\spirv_parser.hpp">
      <Filter>Header Files</Filter>
    </ClInclude>
    <ClInclude Include="src\spirv_cross\spirv_reflect.hpp">
      <Filter>Header Files</Filter>
    </ClInclude>
    <ClInclude Include="src\audio\Audio.h">
      <Filter>Header Files</Filter>
    </ClInclude>
    <ClInclude Include="src\file\Image.h">
      <Filter>Header Files</Filter>
    </ClInclude>
    <ClInclude Include="src\graphics\GraphicsPipeline.h">
      <Filter>Header Files</Filter>
    </ClInclude>
    <ClInclude Include="src\graphics\IndexBuffer.h">
      <Filter>Header Files</Filter>
    </ClInclude>
    <ClInclude Include="src\graphics\IndirectBuffer.h">
      <Filter>Header Files</Filter>
    </ClInclude>
    <ClInclude Include="src\graphics\RenderTarget.h">
      <Filter>Header Files</Filter>
    </ClInclude>
    <ClInclude Include="src\graphics\Shader.h">
      <Filter>Header Files</Filter>
    </ClInclude>
    <ClInclude Include="src\graphics\StorageBuffer.h">
      <Filter>Header Files</Filter>
    </ClInclude>
    <ClInclude Include="src\graphics\Texture.h">
      <Filter>Header Files</Filter>
    </ClInclude>
    <ClInclude Include="src\graphics\TextureFormat.h">
      <Filter>Header Files</Filter>
    </ClInclude>
    <ClInclude Include="src\graphics\TransferBuffer.h">
      <Filter>Header Files</Filter>
    </ClInclude>
    <ClInclude Include="src\graphics\VertexBuffer.h">
      <Filter>Header Files</Filter>
    </ClInclude>
    <ClInclude Include="src\math\Gradient.h">
      <Filter>Header Files</Filter>
    </ClInclude>
    <ClInclude Include="src\math\Math.h">
      <Filter>Header Files</Filter>
    </ClInclude>
    <ClInclude Include="src\math\Matrix.h">
      <Filter>Header Files</Filter>
    </ClInclude>
    <ClInclude Include="src\math\Quaternion.h">
      <Filter>Header Files</Filter>
    </ClInclude>
    <ClInclude Include="src\math\Shape.h">
      <Filter>Header Files</Filter>
    </ClInclude>
    <ClInclude Include="src\math\Vector.h">
      <Filter>Header Files</Filter>
    </ClInclude>
    <ClInclude Include="src\model\Animation.h">
      <Filter>Header Files</Filter>
    </ClInclude>
    <ClInclude Include="src\model\AnimationCache.h">
      <Filter>Header Files</Filter>
    </ClInclude>
    <ClInclude Include="src\model\Model.h">
      <Filter>Header Files</Filter>
    </ClInclude>
    <ClInclude Include="src\renderer\DebugTextRenderer.h">
      <Filter>Header Files</Filter>
    </ClInclude>
    <ClInclude Include="src\renderer\Renderer.h">
      <Filter>Header Files</Filter>
    </ClInclude>
    <ClInclude Include="src\renderer\ScreenQuad.h">
      <Filter>Header Files</Filter>
    </ClInclude>
    <ClInclude Include="src\soloud\audiosource\ay\chipplayer.h">
      <Filter>Header Files</Filter>
    </ClInclude>
    <ClInclude Include="src\soloud\audiosource\ay\sndbuffer.h">
      <Filter>Header Files</Filter>
    </ClInclude>
    <ClInclude Include="src\soloud\audiosource\ay\sndchip.h">
      <Filter>Header Files</Filter>
    </ClInclude>
    <ClInclude Include="src\soloud\audiosource\ay\sndrender.h">
      <Filter>Header Files</Filter>
    </ClInclude>
    <ClInclude Include="src\utils\BinaryReader.h">
      <Filter>Header Files</Filter>
    </ClInclude>
    <ClInclude Include="src\utils\BumpAllocator.h">
      <Filter>Header Files</Filter>
    </ClInclude>
    <ClInclude Include="src\utils\Hash.h">
      <Filter>Header Files</Filter>
    </ClInclude>
    <ClInclude Include="src\utils\HashMap.h">
      <Filter>Header Files</Filter>
    </ClInclude>
    <ClInclude Include="src\utils\List.h">
      <Filter>Header Files</Filter>
    </ClInclude>
    <ClInclude Include="src\utils\Pool.h">
      <Filter>Header Files</Filter>
    </ClInclude>
    <ClInclude Include="src\utils\Queue.h">
      <Filter>Header Files</Filter>
    </ClInclude>
    <ClInclude Include="src\utils\Random.h">
      <Filter>Header Files</Filter>
    </ClInclude>
    <ClInclude Include="src\utils\Simplex.h">
      <Filter>Header Files</Filter>
    </ClInclude>
    <ClInclude Include="src\utils\stb_image.h">
      <Filter>Header Files</Filter>
    </ClInclude>
    <ClInclude Include="src\utils\StringUtils.h">
      <Filter>Header Files</Filter>
    </ClInclude>
    <ClInclude Include="src\utils\StringView.h">
      <Filter>Header Files</Filter>
    </ClInclude>
    <ClInclude Include="src\utils\uint128_t.h">
      <Filter>Header Files</Filter>
    </ClInclude>
    <ClInclude Include="src\Application.h">
      <Filter>Header Files</Filter>
    </ClInclude>
    <ClInclude Include="src\Resource.h">
      <Filter>Header Files</Filter>
    </ClInclude>
    <ClInclude Include="src\physics\Physics.h">
      <Filter>Header Files</Filter>
    </ClInclude>
    <ClInclude Include="src\physics\RigidBody.h">
      <Filter>Header Files</Filter>
    </ClInclude>
    <ClInclude Include="src\physics\CharacterController.h">
      <Filter>Header Files</Filter>
    </ClInclude>
    <ClInclude Include="src\renderer\Renderer2D.h">
      <Filter>Header Files</Filter>
    </ClInclude>
    <ClInclude Include="src\game\entity\Player.h">
      <Filter>Header Files</Filter>
    </ClInclude>
    <ClInclude Include="src\game\item\Item.h">
      <Filter>Header Files</Filter>
    </ClInclude>
    <ClInclude Include="src\game\entity\action\Action.h">
      <Filter>Header Files</Filter>
    </ClInclude>
    <ClInclude Include="src\game\entity\action\AttackAction.h">
      <Filter>Header Files</Filter>
    </ClInclude>
  </ItemGroup>
  <ItemGroup>
    <None Include="res\shaders\clear_buffer.comp" />
    <None Include="res\shaders\lighting\directional_light.frag" />
    <None Include="res\shaders\lighting\directional_light.vert" />
    <None Include="res\shaders\sprite.frag" />
    <None Include="res\shaders\sprite.vert" />
    <None Include="res\shaders\glyph.frag" />
    <None Include="res\shaders\glyph.vert" />
    <None Include="res\shaders\mesh.frag" />
    <None Include="res\shaders\mesh.vert" />
    <None Include="res\shaders\lighting\point_light.frag" />
    <None Include="res\shaders\lighting\point_light.vert" />
    <None Include="res\shaders\common.shader" />
    <None Include="res\shaders\tonemapping.frag" />
    <None Include="res\shaders\tonemapping.vert" />
    <None Include="res\shaders\copy_depth.frag" />
    <None Include="res\shaders\copy_depth.vert" />
    <None Include="res\shaders\mesh_animated.vert" />
    <None Include="res\shaders\screenquad.frag" />
    <None Include="res\shaders\screenquad.vert" />
  </ItemGroup>
</Project>